// !$*UTF8*$!
{
	archiveVersion = 1;
	classes = {
	};
	objectVersion = 56;
	objects = {

/* Begin PBXBuildFile section */
		9ECC2974C68B94ED2A890922 /* Pods_product_bubbleTests.framework in Frameworks */ = {isa = PBXBuildFile; fileRef = 68498CAB5610D98CF7214855 /* Pods_product_bubbleTests.framework */; };
		CA15AEF70D17A9E6C7021ED3 /* Pods_product_bubble.framework in Frameworks */ = {isa = PBXBuildFile; fileRef = 17D4BDDF8976814E391F2243 /* Pods_product_bubble.framework */; };
		ED8F626F2C146F0700176CA2 /* AppDelegate.swift in Sources */ = {isa = PBXBuildFile; fileRef = ED8F626E2C146F0700176CA2 /* AppDelegate.swift */; };
		ED8F62712C146F0700176CA2 /* SceneDelegate.swift in Sources */ = {isa = PBXBuildFile; fileRef = ED8F62702C146F0700176CA2 /* SceneDelegate.swift */; };
		ED8F62732C146F0700176CA2 /* ViewController.swift in Sources */ = {isa = PBXBuildFile; fileRef = ED8F62722C146F0700176CA2 /* ViewController.swift */; };
		ED8F62762C146F0700176CA2 /* Base in Resources */ = {isa = PBXBuildFile; fileRef = ED8F62752C146F0700176CA2 /* Base */; };
		ED8F62782C146F0800176CA2 /* Assets.xcassets in Resources */ = {isa = PBXBuildFile; fileRef = ED8F62772C146F0800176CA2 /* Assets.xcassets */; };
		ED8F627B2C146F0800176CA2 /* Base in Resources */ = {isa = PBXBuildFile; fileRef = ED8F627A2C146F0800176CA2 /* Base */; };
		ED8F62862C146F0800176CA2 /* product_bubbleTests.swift in Sources */ = {isa = PBXBuildFile; fileRef = ED8F62852C146F0800176CA2 /* product_bubbleTests.swift */; };
		ED8F62902C146F0800176CA2 /* product_bubbleUITests.swift in Sources */ = {isa = PBXBuildFile; fileRef = ED8F628F2C146F0800176CA2 /* product_bubbleUITests.swift */; };
		ED8F62922C146F0800176CA2 /* product_bubbleUITestsLaunchTests.swift in Sources */ = {isa = PBXBuildFile; fileRef = ED8F62912C146F0800176CA2 /* product_bubbleUITestsLaunchTests.swift */; };
		ED8F629F2C146F6800176CA2 /* ScanCodeViewController.swift in Sources */ = {isa = PBXBuildFile; fileRef = ED8F629E2C146F6800176CA2 /* ScanCodeViewController.swift */; };
		ED8F62A22C14781900176CA2 /* Env.swift in Sources */ = {isa = PBXBuildFile; fileRef = ED8F62A12C14781900176CA2 /* Env.swift */; };
		F85DF5C6D3AE33AAB221EDE5 /* Pods_product_bubble_product_bubbleUITests.framework in Frameworks */ = {isa = PBXBuildFile; fileRef = DB0EAEA7A463E5778641959D /* Pods_product_bubble_product_bubbleUITests.framework */; };
/* End PBXBuildFile section */

/* Begin PBXContainerItemProxy section */
		ED8F62822C146F0800176CA2 /* PBXContainerItemProxy */ = {
			isa = PBXContainerItemProxy;
			containerPortal = ED8F62632C146F0700176CA2 /* Project object */;
			proxyType = 1;
			remoteGlobalIDString = ED8F626A2C146F0700176CA2;
			remoteInfo = "product-bubble";
		};
		ED8F628C2C146F0800176CA2 /* PBXContainerItemProxy */ = {
			isa = PBXContainerItemProxy;
			containerPortal = ED8F62632C146F0700176CA2 /* Project object */;
			proxyType = 1;
			remoteGlobalIDString = ED8F626A2C146F0700176CA2;
			remoteInfo = "product-bubble";
		};
/* End PBXContainerItemProxy section */

/* Begin PBXFileReference section */
		17D4BDDF8976814E391F2243 /* Pods_product_bubble.framework */ = {isa = PBXFileReference; explicitFileType = wrapper.framework; includeInIndex = 0; path = Pods_product_bubble.framework; sourceTree = BUILT_PRODUCTS_DIR; };
		3C3A6BD00F3126C13A1ABA07 /* Pods-product-bubble-product-bubbleUITests.release.xcconfig */ = {isa = PBXFileReference; includeInIndex = 1; lastKnownFileType = text.xcconfig; name = "Pods-product-bubble-product-bubbleUITests.release.xcconfig"; path = "Target Support Files/Pods-product-bubble-product-bubbleUITests/Pods-product-bubble-product-bubbleUITests.release.xcconfig"; sourceTree = "<group>"; };
		4343423E6F7A445257CC59ED /* Pods-product-bubble-product-bubbleUITests.debug.xcconfig */ = {isa = PBXFileReference; includeInIndex = 1; lastKnownFileType = text.xcconfig; name = "Pods-product-bubble-product-bubbleUITests.debug.xcconfig"; path = "Target Support Files/Pods-product-bubble-product-bubbleUITests/Pods-product-bubble-product-bubbleUITests.debug.xcconfig"; sourceTree = "<group>"; };
		68498CAB5610D98CF7214855 /* Pods_product_bubbleTests.framework */ = {isa = PBXFileReference; explicitFileType = wrapper.framework; includeInIndex = 0; path = Pods_product_bubbleTests.framework; sourceTree = BUILT_PRODUCTS_DIR; };
		79205CDE6BF051504E412C95 /* Pods-product-bubble.release.xcconfig */ = {isa = PBXFileReference; includeInIndex = 1; lastKnownFileType = text.xcconfig; name = "Pods-product-bubble.release.xcconfig"; path = "Target Support Files/Pods-product-bubble/Pods-product-bubble.release.xcconfig"; sourceTree = "<group>"; };
		885EB1482BD320ECB5C5AB67 /* Pods-product-bubble.debug.xcconfig */ = {isa = PBXFileReference; includeInIndex = 1; lastKnownFileType = text.xcconfig; name = "Pods-product-bubble.debug.xcconfig"; path = "Target Support Files/Pods-product-bubble/Pods-product-bubble.debug.xcconfig"; sourceTree = "<group>"; };
		95F757C74894541D40E5086F /* Pods-product-bubbleTests.release.xcconfig */ = {isa = PBXFileReference; includeInIndex = 1; lastKnownFileType = text.xcconfig; name = "Pods-product-bubbleTests.release.xcconfig"; path = "Target Support Files/Pods-product-bubbleTests/Pods-product-bubbleTests.release.xcconfig"; sourceTree = "<group>"; };
		A60DB8DFA2F35503E7B0EA17 /* Pods-product-bubbleTests.debug.xcconfig */ = {isa = PBXFileReference; includeInIndex = 1; lastKnownFileType = text.xcconfig; name = "Pods-product-bubbleTests.debug.xcconfig"; path = "Target Support Files/Pods-product-bubbleTests/Pods-product-bubbleTests.debug.xcconfig"; sourceTree = "<group>"; };
		DB0EAEA7A463E5778641959D /* Pods_product_bubble_product_bubbleUITests.framework */ = {isa = PBXFileReference; explicitFileType = wrapper.framework; includeInIndex = 0; path = Pods_product_bubble_product_bubbleUITests.framework; sourceTree = BUILT_PRODUCTS_DIR; };
		ED8F626B2C146F0700176CA2 /* product-bubble.app */ = {isa = PBXFileReference; explicitFileType = wrapper.application; includeInIndex = 0; path = "product-bubble.app"; sourceTree = BUILT_PRODUCTS_DIR; };
		ED8F626E2C146F0700176CA2 /* AppDelegate.swift */ = {isa = PBXFileReference; lastKnownFileType = sourcecode.swift; path = AppDelegate.swift; sourceTree = "<group>"; };
		ED8F62702C146F0700176CA2 /* SceneDelegate.swift */ = {isa = PBXFileReference; lastKnownFileType = sourcecode.swift; path = SceneDelegate.swift; sourceTree = "<group>"; };
		ED8F62722C146F0700176CA2 /* ViewController.swift */ = {isa = PBXFileReference; lastKnownFileType = sourcecode.swift; path = ViewController.swift; sourceTree = "<group>"; };
		ED8F62752C146F0700176CA2 /* Base */ = {isa = PBXFileReference; lastKnownFileType = file.storyboard; name = Base; path = Base.lproj/Main.storyboard; sourceTree = "<group>"; };
		ED8F62772C146F0800176CA2 /* Assets.xcassets */ = {isa = PBXFileReference; lastKnownFileType = folder.assetcatalog; path = Assets.xcassets; sourceTree = "<group>"; };
		ED8F627A2C146F0800176CA2 /* Base */ = {isa = PBXFileReference; lastKnownFileType = file.storyboard; name = Base; path = Base.lproj/LaunchScreen.storyboard; sourceTree = "<group>"; };
		ED8F627C2C146F0800176CA2 /* Info.plist */ = {isa = PBXFileReference; lastKnownFileType = text.plist.xml; path = Info.plist; sourceTree = "<group>"; };
		ED8F62812C146F0800176CA2 /* product-bubbleTests.xctest */ = {isa = PBXFileReference; explicitFileType = wrapper.cfbundle; includeInIndex = 0; path = "product-bubbleTests.xctest"; sourceTree = BUILT_PRODUCTS_DIR; };
		ED8F62852C146F0800176CA2 /* product_bubbleTests.swift */ = {isa = PBXFileReference; lastKnownFileType = sourcecode.swift; path = product_bubbleTests.swift; sourceTree = "<group>"; };
		ED8F628B2C146F0800176CA2 /* product-bubbleUITests.xctest */ = {isa = PBXFileReference; explicitFileType = wrapper.cfbundle; includeInIndex = 0; path = "product-bubbleUITests.xctest"; sourceTree = BUILT_PRODUCTS_DIR; };
		ED8F628F2C146F0800176CA2 /* product_bubbleUITests.swift */ = {isa = PBXFileReference; lastKnownFileType = sourcecode.swift; path = product_bubbleUITests.swift; sourceTree = "<group>"; };
		ED8F62912C146F0800176CA2 /* product_bubbleUITestsLaunchTests.swift */ = {isa = PBXFileReference; lastKnownFileType = sourcecode.swift; path = product_bubbleUITestsLaunchTests.swift; sourceTree = "<group>"; };
		ED8F629E2C146F6800176CA2 /* ScanCodeViewController.swift */ = {isa = PBXFileReference; lastKnownFileType = sourcecode.swift; path = ScanCodeViewController.swift; sourceTree = "<group>"; };
		ED8F62A12C14781900176CA2 /* Env.swift */ = {isa = PBXFileReference; lastKnownFileType = sourcecode.swift; path = Env.swift; sourceTree = "<group>"; };
/* End PBXFileReference section */

/* Begin PBXFrameworksBuildPhase section */
		ED8F62682C146F0700176CA2 /* Frameworks */ = {
			isa = PBXFrameworksBuildPhase;
			buildActionMask = 2147483647;
			files = (
				CA15AEF70D17A9E6C7021ED3 /* Pods_product_bubble.framework in Frameworks */,
			);
			runOnlyForDeploymentPostprocessing = 0;
		};
		ED8F627E2C146F0800176CA2 /* Frameworks */ = {
			isa = PBXFrameworksBuildPhase;
			buildActionMask = 2147483647;
			files = (
				9ECC2974C68B94ED2A890922 /* Pods_product_bubbleTests.framework in Frameworks */,
			);
			runOnlyForDeploymentPostprocessing = 0;
		};
		ED8F62882C146F0800176CA2 /* Frameworks */ = {
			isa = PBXFrameworksBuildPhase;
			buildActionMask = 2147483647;
			files = (
				F85DF5C6D3AE33AAB221EDE5 /* Pods_product_bubble_product_bubbleUITests.framework in Frameworks */,
			);
			runOnlyForDeploymentPostprocessing = 0;
		};
/* End PBXFrameworksBuildPhase section */

/* Begin PBXGroup section */
		B9F46840C631703BA0166422 /* Frameworks */ = {
			isa = PBXGroup;
			children = (
				17D4BDDF8976814E391F2243 /* Pods_product_bubble.framework */,
				DB0EAEA7A463E5778641959D /* Pods_product_bubble_product_bubbleUITests.framework */,
				68498CAB5610D98CF7214855 /* Pods_product_bubbleTests.framework */,
			);
			name = Frameworks;
			sourceTree = "<group>";
		};
		ED8F62622C146F0700176CA2 = {
			isa = PBXGroup;
			children = (
				ED8F626D2C146F0700176CA2 /* product-bubble */,
				ED8F62842C146F0800176CA2 /* product-bubbleTests */,
				ED8F628E2C146F0800176CA2 /* product-bubbleUITests */,
				ED8F626C2C146F0700176CA2 /* Products */,
				F7CF2680D70B839F59CB0E61 /* Pods */,
				B9F46840C631703BA0166422 /* Frameworks */,
			);
			sourceTree = "<group>";
		};
		ED8F626C2C146F0700176CA2 /* Products */ = {
			isa = PBXGroup;
			children = (
				ED8F626B2C146F0700176CA2 /* product-bubble.app */,
				ED8F62812C146F0800176CA2 /* product-bubbleTests.xctest */,
				ED8F628B2C146F0800176CA2 /* product-bubbleUITests.xctest */,
			);
			name = Products;
			sourceTree = "<group>";
		};
		ED8F626D2C146F0700176CA2 /* product-bubble */ = {
			isa = PBXGroup;
			children = (
				ED8F626E2C146F0700176CA2 /* AppDelegate.swift */,
				ED8F62702C146F0700176CA2 /* SceneDelegate.swift */,
				ED8F62722C146F0700176CA2 /* ViewController.swift */,
				ED8F62A12C14781900176CA2 /* Env.swift */,
				ED8F629E2C146F6800176CA2 /* ScanCodeViewController.swift */,
				ED8F62742C146F0700176CA2 /* Main.storyboard */,
				ED8F62772C146F0800176CA2 /* Assets.xcassets */,
				ED8F62792C146F0800176CA2 /* LaunchScreen.storyboard */,
				ED8F627C2C146F0800176CA2 /* Info.plist */,
			);
			path = "product-bubble";
			sourceTree = "<group>";
		};
		ED8F62842C146F0800176CA2 /* product-bubbleTests */ = {
			isa = PBXGroup;
			children = (
				ED8F62852C146F0800176CA2 /* product_bubbleTests.swift */,
			);
			path = "product-bubbleTests";
			sourceTree = "<group>";
		};
		ED8F628E2C146F0800176CA2 /* product-bubbleUITests */ = {
			isa = PBXGroup;
			children = (
				ED8F628F2C146F0800176CA2 /* product_bubbleUITests.swift */,
				ED8F62912C146F0800176CA2 /* product_bubbleUITestsLaunchTests.swift */,
			);
			path = "product-bubbleUITests";
			sourceTree = "<group>";
		};
		F7CF2680D70B839F59CB0E61 /* Pods */ = {
			isa = PBXGroup;
			children = (
				885EB1482BD320ECB5C5AB67 /* Pods-product-bubble.debug.xcconfig */,
				79205CDE6BF051504E412C95 /* Pods-product-bubble.release.xcconfig */,
				4343423E6F7A445257CC59ED /* Pods-product-bubble-product-bubbleUITests.debug.xcconfig */,
				3C3A6BD00F3126C13A1ABA07 /* Pods-product-bubble-product-bubbleUITests.release.xcconfig */,
				A60DB8DFA2F35503E7B0EA17 /* Pods-product-bubbleTests.debug.xcconfig */,
				95F757C74894541D40E5086F /* Pods-product-bubbleTests.release.xcconfig */,
			);
			path = Pods;
			sourceTree = "<group>";
		};
/* End PBXGroup section */

/* Begin PBXNativeTarget section */
		ED8F626A2C146F0700176CA2 /* product-bubble */ = {
			isa = PBXNativeTarget;
			buildConfigurationList = ED8F62952C146F0800176CA2 /* Build configuration list for PBXNativeTarget "product-bubble" */;
			buildPhases = (
				B7625E3D8A26F756E1922950 /* [CP] Check Pods Manifest.lock */,
				ED8F62672C146F0700176CA2 /* Sources */,
				ED8F62682C146F0700176CA2 /* Frameworks */,
				ED8F62692C146F0700176CA2 /* Resources */,
				6A52F7B5C8FA9EBE500FB22A /* [CP] Embed Pods Frameworks */,
			);
			buildRules = (
			);
			dependencies = (
			);
			name = "product-bubble";
			productName = "product-bubble";
			productReference = ED8F626B2C146F0700176CA2 /* product-bubble.app */;
			productType = "com.apple.product-type.application";
		};
		ED8F62802C146F0800176CA2 /* product-bubbleTests */ = {
			isa = PBXNativeTarget;
			buildConfigurationList = ED8F62982C146F0800176CA2 /* Build configuration list for PBXNativeTarget "product-bubbleTests" */;
			buildPhases = (
				FD7D5F28A4ABA38FA57754C0 /* [CP] Check Pods Manifest.lock */,
				ED8F627D2C146F0800176CA2 /* Sources */,
				ED8F627E2C146F0800176CA2 /* Frameworks */,
				ED8F627F2C146F0800176CA2 /* Resources */,
			);
			buildRules = (
			);
			dependencies = (
				ED8F62832C146F0800176CA2 /* PBXTargetDependency */,
			);
			name = "product-bubbleTests";
			productName = "product-bubbleTests";
			productReference = ED8F62812C146F0800176CA2 /* product-bubbleTests.xctest */;
			productType = "com.apple.product-type.bundle.unit-test";
		};
		ED8F628A2C146F0800176CA2 /* product-bubbleUITests */ = {
			isa = PBXNativeTarget;
			buildConfigurationList = ED8F629B2C146F0800176CA2 /* Build configuration list for PBXNativeTarget "product-bubbleUITests" */;
			buildPhases = (
				818DFF8149FFEE3F485A22A2 /* [CP] Check Pods Manifest.lock */,
				ED8F62872C146F0800176CA2 /* Sources */,
				ED8F62882C146F0800176CA2 /* Frameworks */,
				ED8F62892C146F0800176CA2 /* Resources */,
				1695D92328FE89AE2AB5B17D /* [CP] Embed Pods Frameworks */,
			);
			buildRules = (
			);
			dependencies = (
				ED8F628D2C146F0800176CA2 /* PBXTargetDependency */,
			);
			name = "product-bubbleUITests";
			productName = "product-bubbleUITests";
			productReference = ED8F628B2C146F0800176CA2 /* product-bubbleUITests.xctest */;
			productType = "com.apple.product-type.bundle.ui-testing";
		};
/* End PBXNativeTarget section */

/* Begin PBXProject section */
		ED8F62632C146F0700176CA2 /* Project object */ = {
			isa = PBXProject;
			attributes = {
				BuildIndependentTargetsInParallel = 1;
				LastSwiftUpdateCheck = 1530;
				LastUpgradeCheck = 1530;
				TargetAttributes = {
					ED8F626A2C146F0700176CA2 = {
						CreatedOnToolsVersion = 15.3;
					};
					ED8F62802C146F0800176CA2 = {
						CreatedOnToolsVersion = 15.3;
						TestTargetID = ED8F626A2C146F0700176CA2;
					};
					ED8F628A2C146F0800176CA2 = {
						CreatedOnToolsVersion = 15.3;
						TestTargetID = ED8F626A2C146F0700176CA2;
					};
				};
			};
			buildConfigurationList = ED8F62662C146F0700176CA2 /* Build configuration list for PBXProject "product-bubble" */;
			compatibilityVersion = "Xcode 14.0";
			developmentRegion = en;
			hasScannedForEncodings = 0;
			knownRegions = (
				en,
				Base,
			);
			mainGroup = ED8F62622C146F0700176CA2;
			productRefGroup = ED8F626C2C146F0700176CA2 /* Products */;
			projectDirPath = "";
			projectRoot = "";
			targets = (
				ED8F626A2C146F0700176CA2 /* product-bubble */,
				ED8F62802C146F0800176CA2 /* product-bubbleTests */,
				ED8F628A2C146F0800176CA2 /* product-bubbleUITests */,
			);
		};
/* End PBXProject section */

/* Begin PBXResourcesBuildPhase section */
		ED8F62692C146F0700176CA2 /* Resources */ = {
			isa = PBXResourcesBuildPhase;
			buildActionMask = 2147483647;
			files = (
				ED8F62782C146F0800176CA2 /* Assets.xcassets in Resources */,
				ED8F627B2C146F0800176CA2 /* Base in Resources */,
				ED8F62762C146F0700176CA2 /* Base in Resources */,
			);
			runOnlyForDeploymentPostprocessing = 0;
		};
		ED8F627F2C146F0800176CA2 /* Resources */ = {
			isa = PBXResourcesBuildPhase;
			buildActionMask = 2147483647;
			files = (
			);
			runOnlyForDeploymentPostprocessing = 0;
		};
		ED8F62892C146F0800176CA2 /* Resources */ = {
			isa = PBXResourcesBuildPhase;
			buildActionMask = 2147483647;
			files = (
			);
			runOnlyForDeploymentPostprocessing = 0;
		};
/* End PBXResourcesBuildPhase section */

/* Begin PBXShellScriptBuildPhase section */
		1695D92328FE89AE2AB5B17D /* [CP] Embed Pods Frameworks */ = {
			isa = PBXShellScriptBuildPhase;
			buildActionMask = 2147483647;
			files = (
			);
			inputFileListPaths = (
				"${PODS_ROOT}/Target Support Files/Pods-product-bubble-product-bubbleUITests/Pods-product-bubble-product-bubbleUITests-frameworks-${CONFIGURATION}-input-files.xcfilelist",
			);
			name = "[CP] Embed Pods Frameworks";
			outputFileListPaths = (
				"${PODS_ROOT}/Target Support Files/Pods-product-bubble-product-bubbleUITests/Pods-product-bubble-product-bubbleUITests-frameworks-${CONFIGURATION}-output-files.xcfilelist",
			);
			runOnlyForDeploymentPostprocessing = 0;
			shellPath = /bin/sh;
			shellScript = "\"${PODS_ROOT}/Target Support Files/Pods-product-bubble-product-bubbleUITests/Pods-product-bubble-product-bubbleUITests-frameworks.sh\"\n";
			showEnvVarsInLog = 0;
		};
		6A52F7B5C8FA9EBE500FB22A /* [CP] Embed Pods Frameworks */ = {
			isa = PBXShellScriptBuildPhase;
			buildActionMask = 2147483647;
			files = (
			);
			inputFileListPaths = (
				"${PODS_ROOT}/Target Support Files/Pods-product-bubble/Pods-product-bubble-frameworks-${CONFIGURATION}-input-files.xcfilelist",
			);
			name = "[CP] Embed Pods Frameworks";
			outputFileListPaths = (
				"${PODS_ROOT}/Target Support Files/Pods-product-bubble/Pods-product-bubble-frameworks-${CONFIGURATION}-output-files.xcfilelist",
			);
			runOnlyForDeploymentPostprocessing = 0;
			shellPath = /bin/sh;
			shellScript = "\"${PODS_ROOT}/Target Support Files/Pods-product-bubble/Pods-product-bubble-frameworks.sh\"\n";
			showEnvVarsInLog = 0;
		};
		818DFF8149FFEE3F485A22A2 /* [CP] Check Pods Manifest.lock */ = {
			isa = PBXShellScriptBuildPhase;
			buildActionMask = 2147483647;
			files = (
			);
			inputFileListPaths = (
			);
			inputPaths = (
				"${PODS_PODFILE_DIR_PATH}/Podfile.lock",
				"${PODS_ROOT}/Manifest.lock",
			);
			name = "[CP] Check Pods Manifest.lock";
			outputFileListPaths = (
			);
			outputPaths = (
				"$(DERIVED_FILE_DIR)/Pods-product-bubble-product-bubbleUITests-checkManifestLockResult.txt",
			);
			runOnlyForDeploymentPostprocessing = 0;
			shellPath = /bin/sh;
			shellScript = "diff \"${PODS_PODFILE_DIR_PATH}/Podfile.lock\" \"${PODS_ROOT}/Manifest.lock\" > /dev/null\nif [ $? != 0 ] ; then\n    # print error to STDERR\n    echo \"error: The sandbox is not in sync with the Podfile.lock. Run 'pod install' or update your CocoaPods installation.\" >&2\n    exit 1\nfi\n# This output is used by Xcode 'outputs' to avoid re-running this script phase.\necho \"SUCCESS\" > \"${SCRIPT_OUTPUT_FILE_0}\"\n";
			showEnvVarsInLog = 0;
		};
		B7625E3D8A26F756E1922950 /* [CP] Check Pods Manifest.lock */ = {
			isa = PBXShellScriptBuildPhase;
			buildActionMask = 2147483647;
			files = (
			);
			inputFileListPaths = (
			);
			inputPaths = (
				"${PODS_PODFILE_DIR_PATH}/Podfile.lock",
				"${PODS_ROOT}/Manifest.lock",
			);
			name = "[CP] Check Pods Manifest.lock";
			outputFileListPaths = (
			);
			outputPaths = (
				"$(DERIVED_FILE_DIR)/Pods-product-bubble-checkManifestLockResult.txt",
			);
			runOnlyForDeploymentPostprocessing = 0;
			shellPath = /bin/sh;
			shellScript = "diff \"${PODS_PODFILE_DIR_PATH}/Podfile.lock\" \"${PODS_ROOT}/Manifest.lock\" > /dev/null\nif [ $? != 0 ] ; then\n    # print error to STDERR\n    echo \"error: The sandbox is not in sync with the Podfile.lock. Run 'pod install' or update your CocoaPods installation.\" >&2\n    exit 1\nfi\n# This output is used by Xcode 'outputs' to avoid re-running this script phase.\necho \"SUCCESS\" > \"${SCRIPT_OUTPUT_FILE_0}\"\n";
			showEnvVarsInLog = 0;
		};
		FD7D5F28A4ABA38FA57754C0 /* [CP] Check Pods Manifest.lock */ = {
			isa = PBXShellScriptBuildPhase;
			buildActionMask = 2147483647;
			files = (
			);
			inputFileListPaths = (
			);
			inputPaths = (
				"${PODS_PODFILE_DIR_PATH}/Podfile.lock",
				"${PODS_ROOT}/Manifest.lock",
			);
			name = "[CP] Check Pods Manifest.lock";
			outputFileListPaths = (
			);
			outputPaths = (
				"$(DERIVED_FILE_DIR)/Pods-product-bubbleTests-checkManifestLockResult.txt",
			);
			runOnlyForDeploymentPostprocessing = 0;
			shellPath = /bin/sh;
			shellScript = "diff \"${PODS_PODFILE_DIR_PATH}/Podfile.lock\" \"${PODS_ROOT}/Manifest.lock\" > /dev/null\nif [ $? != 0 ] ; then\n    # print error to STDERR\n    echo \"error: The sandbox is not in sync with the Podfile.lock. Run 'pod install' or update your CocoaPods installation.\" >&2\n    exit 1\nfi\n# This output is used by Xcode 'outputs' to avoid re-running this script phase.\necho \"SUCCESS\" > \"${SCRIPT_OUTPUT_FILE_0}\"\n";
			showEnvVarsInLog = 0;
		};
/* End PBXShellScriptBuildPhase section */

/* Begin PBXSourcesBuildPhase section */
		ED8F62672C146F0700176CA2 /* Sources */ = {
			isa = PBXSourcesBuildPhase;
			buildActionMask = 2147483647;
			files = (
				ED8F62A22C14781900176CA2 /* Env.swift in Sources */,
				ED8F62732C146F0700176CA2 /* ViewController.swift in Sources */,
				ED8F626F2C146F0700176CA2 /* AppDelegate.swift in Sources */,
				ED8F629F2C146F6800176CA2 /* ScanCodeViewController.swift in Sources */,
				ED8F62712C146F0700176CA2 /* SceneDelegate.swift in Sources */,
			);
			runOnlyForDeploymentPostprocessing = 0;
		};
		ED8F627D2C146F0800176CA2 /* Sources */ = {
			isa = PBXSourcesBuildPhase;
			buildActionMask = 2147483647;
			files = (
				ED8F62862C146F0800176CA2 /* product_bubbleTests.swift in Sources */,
			);
			runOnlyForDeploymentPostprocessing = 0;
		};
		ED8F62872C146F0800176CA2 /* Sources */ = {
			isa = PBXSourcesBuildPhase;
			buildActionMask = 2147483647;
			files = (
				ED8F62922C146F0800176CA2 /* product_bubbleUITestsLaunchTests.swift in Sources */,
				ED8F62902C146F0800176CA2 /* product_bubbleUITests.swift in Sources */,
			);
			runOnlyForDeploymentPostprocessing = 0;
		};
/* End PBXSourcesBuildPhase section */

/* Begin PBXTargetDependency section */
		ED8F62832C146F0800176CA2 /* PBXTargetDependency */ = {
			isa = PBXTargetDependency;
			target = ED8F626A2C146F0700176CA2 /* product-bubble */;
			targetProxy = ED8F62822C146F0800176CA2 /* PBXContainerItemProxy */;
		};
		ED8F628D2C146F0800176CA2 /* PBXTargetDependency */ = {
			isa = PBXTargetDependency;
			target = ED8F626A2C146F0700176CA2 /* product-bubble */;
			targetProxy = ED8F628C2C146F0800176CA2 /* PBXContainerItemProxy */;
		};
/* End PBXTargetDependency section */

/* Begin PBXVariantGroup section */
		ED8F62742C146F0700176CA2 /* Main.storyboard */ = {
			isa = PBXVariantGroup;
			children = (
				ED8F62752C146F0700176CA2 /* Base */,
			);
			name = Main.storyboard;
			sourceTree = "<group>";
		};
		ED8F62792C146F0800176CA2 /* LaunchScreen.storyboard */ = {
			isa = PBXVariantGroup;
			children = (
				ED8F627A2C146F0800176CA2 /* Base */,
			);
			name = LaunchScreen.storyboard;
			sourceTree = "<group>";
		};
/* End PBXVariantGroup section */

/* Begin XCBuildConfiguration section */
		ED8F62932C146F0800176CA2 /* Debug */ = {
			isa = XCBuildConfiguration;
			buildSettings = {
				ALWAYS_SEARCH_USER_PATHS = NO;
				ASSETCATALOG_COMPILER_GENERATE_SWIFT_ASSET_SYMBOL_EXTENSIONS = YES;
				CLANG_ANALYZER_NONNULL = YES;
				CLANG_ANALYZER_NUMBER_OBJECT_CONVERSION = YES_AGGRESSIVE;
				CLANG_CXX_LANGUAGE_STANDARD = "gnu++20";
				CLANG_ENABLE_MODULES = YES;
				CLANG_ENABLE_OBJC_ARC = YES;
				CLANG_ENABLE_OBJC_WEAK = YES;
				CLANG_WARN_BLOCK_CAPTURE_AUTORELEASING = YES;
				CLANG_WARN_BOOL_CONVERSION = YES;
				CLANG_WARN_COMMA = YES;
				CLANG_WARN_CONSTANT_CONVERSION = YES;
				CLANG_WARN_DEPRECATED_OBJC_IMPLEMENTATIONS = YES;
				CLANG_WARN_DIRECT_OBJC_ISA_USAGE = YES_ERROR;
				CLANG_WARN_DOCUMENTATION_COMMENTS = YES;
				CLANG_WARN_EMPTY_BODY = YES;
				CLANG_WARN_ENUM_CONVERSION = YES;
				CLANG_WARN_INFINITE_RECURSION = YES;
				CLANG_WARN_INT_CONVERSION = YES;
				CLANG_WARN_NON_LITERAL_NULL_CONVERSION = YES;
				CLANG_WARN_OBJC_IMPLICIT_RETAIN_SELF = YES;
				CLANG_WARN_OBJC_LITERAL_CONVERSION = YES;
				CLANG_WARN_OBJC_ROOT_CLASS = YES_ERROR;
				CLANG_WARN_QUOTED_INCLUDE_IN_FRAMEWORK_HEADER = YES;
				CLANG_WARN_RANGE_LOOP_ANALYSIS = YES;
				CLANG_WARN_STRICT_PROTOTYPES = YES;
				CLANG_WARN_SUSPICIOUS_MOVE = YES;
				CLANG_WARN_UNGUARDED_AVAILABILITY = YES_AGGRESSIVE;
				CLANG_WARN_UNREACHABLE_CODE = YES;
				CLANG_WARN__DUPLICATE_METHOD_MATCH = YES;
				COPY_PHASE_STRIP = NO;
				DEBUG_INFORMATION_FORMAT = dwarf;
				ENABLE_STRICT_OBJC_MSGSEND = YES;
				ENABLE_TESTABILITY = YES;
				ENABLE_USER_SCRIPT_SANDBOXING = NO;
				GCC_C_LANGUAGE_STANDARD = gnu17;
				GCC_DYNAMIC_NO_PIC = NO;
				GCC_NO_COMMON_BLOCKS = YES;
				GCC_OPTIMIZATION_LEVEL = 0;
				GCC_PREPROCESSOR_DEFINITIONS = (
					"DEBUG=1",
					"$(inherited)",
				);
				GCC_WARN_64_TO_32_BIT_CONVERSION = YES;
				GCC_WARN_ABOUT_RETURN_TYPE = YES_ERROR;
				GCC_WARN_UNDECLARED_SELECTOR = YES;
				GCC_WARN_UNINITIALIZED_AUTOS = YES_AGGRESSIVE;
				GCC_WARN_UNUSED_FUNCTION = YES;
				GCC_WARN_UNUSED_VARIABLE = YES;
				IPHONEOS_DEPLOYMENT_TARGET = 17.4;
				LOCALIZATION_PREFERS_STRING_CATALOGS = YES;
				MTL_ENABLE_DEBUG_INFO = INCLUDE_SOURCE;
				MTL_FAST_MATH = YES;
				ONLY_ACTIVE_ARCH = YES;
				SDKROOT = iphoneos;
				SWIFT_ACTIVE_COMPILATION_CONDITIONS = "DEBUG $(inherited)";
				SWIFT_OPTIMIZATION_LEVEL = "-Onone";
			};
			name = Debug;
		};
		ED8F62942C146F0800176CA2 /* Release */ = {
			isa = XCBuildConfiguration;
			buildSettings = {
				ALWAYS_SEARCH_USER_PATHS = NO;
				ASSETCATALOG_COMPILER_GENERATE_SWIFT_ASSET_SYMBOL_EXTENSIONS = YES;
				CLANG_ANALYZER_NONNULL = YES;
				CLANG_ANALYZER_NUMBER_OBJECT_CONVERSION = YES_AGGRESSIVE;
				CLANG_CXX_LANGUAGE_STANDARD = "gnu++20";
				CLANG_ENABLE_MODULES = YES;
				CLANG_ENABLE_OBJC_ARC = YES;
				CLANG_ENABLE_OBJC_WEAK = YES;
				CLANG_WARN_BLOCK_CAPTURE_AUTORELEASING = YES;
				CLANG_WARN_BOOL_CONVERSION = YES;
				CLANG_WARN_COMMA = YES;
				CLANG_WARN_CONSTANT_CONVERSION = YES;
				CLANG_WARN_DEPRECATED_OBJC_IMPLEMENTATIONS = YES;
				CLANG_WARN_DIRECT_OBJC_ISA_USAGE = YES_ERROR;
				CLANG_WARN_DOCUMENTATION_COMMENTS = YES;
				CLANG_WARN_EMPTY_BODY = YES;
				CLANG_WARN_ENUM_CONVERSION = YES;
				CLANG_WARN_INFINITE_RECURSION = YES;
				CLANG_WARN_INT_CONVERSION = YES;
				CLANG_WARN_NON_LITERAL_NULL_CONVERSION = YES;
				CLANG_WARN_OBJC_IMPLICIT_RETAIN_SELF = YES;
				CLANG_WARN_OBJC_LITERAL_CONVERSION = YES;
				CLANG_WARN_OBJC_ROOT_CLASS = YES_ERROR;
				CLANG_WARN_QUOTED_INCLUDE_IN_FRAMEWORK_HEADER = YES;
				CLANG_WARN_RANGE_LOOP_ANALYSIS = YES;
				CLANG_WARN_STRICT_PROTOTYPES = YES;
				CLANG_WARN_SUSPICIOUS_MOVE = YES;
				CLANG_WARN_UNGUARDED_AVAILABILITY = YES_AGGRESSIVE;
				CLANG_WARN_UNREACHABLE_CODE = YES;
				CLANG_WARN__DUPLICATE_METHOD_MATCH = YES;
				COPY_PHASE_STRIP = NO;
				DEBUG_INFORMATION_FORMAT = "dwarf-with-dsym";
				ENABLE_NS_ASSERTIONS = NO;
				ENABLE_STRICT_OBJC_MSGSEND = YES;
				ENABLE_USER_SCRIPT_SANDBOXING = NO;
				GCC_C_LANGUAGE_STANDARD = gnu17;
				GCC_NO_COMMON_BLOCKS = YES;
				GCC_WARN_64_TO_32_BIT_CONVERSION = YES;
				GCC_WARN_ABOUT_RETURN_TYPE = YES_ERROR;
				GCC_WARN_UNDECLARED_SELECTOR = YES;
				GCC_WARN_UNINITIALIZED_AUTOS = YES_AGGRESSIVE;
				GCC_WARN_UNUSED_FUNCTION = YES;
				GCC_WARN_UNUSED_VARIABLE = YES;
				IPHONEOS_DEPLOYMENT_TARGET = 17.4;
				LOCALIZATION_PREFERS_STRING_CATALOGS = YES;
				MTL_ENABLE_DEBUG_INFO = NO;
				MTL_FAST_MATH = YES;
				SDKROOT = iphoneos;
				SWIFT_COMPILATION_MODE = wholemodule;
				VALIDATE_PRODUCT = YES;
			};
			name = Release;
		};
		ED8F62962C146F0800176CA2 /* Debug */ = {
			isa = XCBuildConfiguration;
			baseConfigurationReference = 885EB1482BD320ECB5C5AB67 /* Pods-product-bubble.debug.xcconfig */;
			buildSettings = {
				ASSETCATALOG_COMPILER_APPICON_NAME = AppIcon;
				ASSETCATALOG_COMPILER_GLOBAL_ACCENT_COLOR_NAME = AccentColor;
				CODE_SIGN_STYLE = Automatic;
				CURRENT_PROJECT_VERSION = 1;
				DEVELOPMENT_TEAM = RU952N976Y;
				GENERATE_INFOPLIST_FILE = YES;
				INFOPLIST_FILE = "product-bubble/Info.plist";
				INFOPLIST_KEY_UIApplicationSupportsIndirectInputEvents = YES;
				INFOPLIST_KEY_UILaunchStoryboardName = LaunchScreen;
				INFOPLIST_KEY_UIMainStoryboardFile = Main;
				INFOPLIST_KEY_UISupportedInterfaceOrientations_iPad = "UIInterfaceOrientationPortrait UIInterfaceOrientationPortraitUpsideDown UIInterfaceOrientationLandscapeLeft UIInterfaceOrientationLandscapeRight";
				INFOPLIST_KEY_UISupportedInterfaceOrientations_iPhone = "UIInterfaceOrientationPortrait UIInterfaceOrientationLandscapeLeft UIInterfaceOrientationLandscapeRight";
				LD_RUNPATH_SEARCH_PATHS = (
					"$(inherited)",
					"@executable_path/Frameworks",
				);
				MARKETING_VERSION = 1.0;
				PRODUCT_BUNDLE_IDENTIFIER = "app.hosho.product-bubble";
				PRODUCT_NAME = "$(TARGET_NAME)";
				SWIFT_EMIT_LOC_STRINGS = YES;
				SWIFT_VERSION = 5.0;
				TARGETED_DEVICE_FAMILY = "1,2";
			};
			name = Debug;
		};
		ED8F62972C146F0800176CA2 /* Release */ = {
			isa = XCBuildConfiguration;
			baseConfigurationReference = 79205CDE6BF051504E412C95 /* Pods-product-bubble.release.xcconfig */;
			buildSettings = {
				ASSETCATALOG_COMPILER_APPICON_NAME = AppIcon;
				ASSETCATALOG_COMPILER_GLOBAL_ACCENT_COLOR_NAME = AccentColor;
				CODE_SIGN_STYLE = Automatic;
				CURRENT_PROJECT_VERSION = 1;
				DEVELOPMENT_TEAM = RU952N976Y;
				GENERATE_INFOPLIST_FILE = YES;
				INFOPLIST_FILE = "product-bubble/Info.plist";
				INFOPLIST_KEY_UIApplicationSupportsIndirectInputEvents = YES;
				INFOPLIST_KEY_UILaunchStoryboardName = LaunchScreen;
				INFOPLIST_KEY_UIMainStoryboardFile = Main;
				INFOPLIST_KEY_UISupportedInterfaceOrientations_iPad = "UIInterfaceOrientationPortrait UIInterfaceOrientationPortraitUpsideDown UIInterfaceOrientationLandscapeLeft UIInterfaceOrientationLandscapeRight";
				INFOPLIST_KEY_UISupportedInterfaceOrientations_iPhone = "UIInterfaceOrientationPortrait UIInterfaceOrientationLandscapeLeft UIInterfaceOrientationLandscapeRight";
				LD_RUNPATH_SEARCH_PATHS = (
					"$(inherited)",
					"@executable_path/Frameworks",
				);
				MARKETING_VERSION = 1.0;
				PRODUCT_BUNDLE_IDENTIFIER = "app.hosho.product-bubble";
				PRODUCT_NAME = "$(TARGET_NAME)";
				SWIFT_EMIT_LOC_STRINGS = YES;
				SWIFT_VERSION = 5.0;
				TARGETED_DEVICE_FAMILY = "1,2";
			};
			name = Release;
		};
		ED8F62992C146F0800176CA2 /* Debug */ = {
			isa = XCBuildConfiguration;
			baseConfigurationReference = A60DB8DFA2F35503E7B0EA17 /* Pods-product-bubbleTests.debug.xcconfig */;
			buildSettings = {
				ALWAYS_EMBED_SWIFT_STANDARD_LIBRARIES = YES;
				BUNDLE_LOADER = "$(TEST_HOST)";
				CODE_SIGN_STYLE = Automatic;
				CURRENT_PROJECT_VERSION = 1;
				DEVELOPMENT_TEAM = RU952N976Y;
				GENERATE_INFOPLIST_FILE = YES;
				IPHONEOS_DEPLOYMENT_TARGET = 17.4;
				MARKETING_VERSION = 1.0;
				PRODUCT_BUNDLE_IDENTIFIER = "app.hosho.product-bubbleTests";
				PRODUCT_NAME = "$(TARGET_NAME)";
				SWIFT_EMIT_LOC_STRINGS = NO;
				SWIFT_VERSION = 5.0;
				TARGETED_DEVICE_FAMILY = "1,2";
				TEST_HOST = "$(BUILT_PRODUCTS_DIR)/product-bubble.app/$(BUNDLE_EXECUTABLE_FOLDER_PATH)/product-bubble";
			};
			name = Debug;
		};
		ED8F629A2C146F0800176CA2 /* Release */ = {
			isa = XCBuildConfiguration;
			baseConfigurationReference = 95F757C74894541D40E5086F /* Pods-product-bubbleTests.release.xcconfig */;
			buildSettings = {
				ALWAYS_EMBED_SWIFT_STANDARD_LIBRARIES = YES;
				BUNDLE_LOADER = "$(TEST_HOST)";
				CODE_SIGN_STYLE = Automatic;
				CURRENT_PROJECT_VERSION = 1;
				DEVELOPMENT_TEAM = RU952N976Y;
				GENERATE_INFOPLIST_FILE = YES;
				IPHONEOS_DEPLOYMENT_TARGET = 17.4;
				MARKETING_VERSION = 1.0;
				PRODUCT_BUNDLE_IDENTIFIER = "app.hosho.product-bubbleTests";
				PRODUCT_NAME = "$(TARGET_NAME)";
				SWIFT_EMIT_LOC_STRINGS = NO;
				SWIFT_VERSION = 5.0;
				TARGETED_DEVICE_FAMILY = "1,2";
				TEST_HOST = "$(BUILT_PRODUCTS_DIR)/product-bubble.app/$(BUNDLE_EXECUTABLE_FOLDER_PATH)/product-bubble";
			};
			name = Release;
		};
		ED8F629C2C146F0800176CA2 /* Debug */ = {
			isa = XCBuildConfiguration;
			baseConfigurationReference = 4343423E6F7A445257CC59ED /* Pods-product-bubble-product-bubbleUITests.debug.xcconfig */;
			buildSettings = {
				ALWAYS_EMBED_SWIFT_STANDARD_LIBRARIES = YES;
				CODE_SIGN_STYLE = Automatic;
				CURRENT_PROJECT_VERSION = 1;
				DEVELOPMENT_TEAM = RU952N976Y;
				GENERATE_INFOPLIST_FILE = YES;
				MARKETING_VERSION = 1.0;
				PRODUCT_BUNDLE_IDENTIFIER = "app.hosho.product-bubbleUITests";
				PRODUCT_NAME = "$(TARGET_NAME)";
				SWIFT_EMIT_LOC_STRINGS = NO;
				SWIFT_VERSION = 5.0;
				TARGETED_DEVICE_FAMILY = "1,2";
				TEST_TARGET_NAME = "product-bubble";
			};
			name = Debug;
		};
		ED8F629D2C146F0800176CA2 /* Release */ = {
			isa = XCBuildConfiguration;
			baseConfigurationReference = 3C3A6BD00F3126C13A1ABA07 /* Pods-product-bubble-product-bubbleUITests.release.xcconfig */;
			buildSettings = {
				ALWAYS_EMBED_SWIFT_STANDARD_LIBRARIES = YES;
				CODE_SIGN_STYLE = Automatic;
				CURRENT_PROJECT_VERSION = 1;
				DEVELOPMENT_TEAM = RU952N976Y;
				GENERATE_INFOPLIST_FILE = YES;
				MARKETING_VERSION = 1.0;
				PRODUCT_BUNDLE_IDENTIFIER = "app.hosho.product-bubbleUITests";
				PRODUCT_NAME = "$(TARGET_NAME)";
				SWIFT_EMIT_LOC_STRINGS = NO;
				SWIFT_VERSION = 5.0;
				TARGETED_DEVICE_FAMILY = "1,2";
				TEST_TARGET_NAME = "product-bubble";
			};
			name = Release;
		};
/* End XCBuildConfiguration section */

/* Begin XCConfigurationList section */
		ED8F62662C146F0700176CA2 /* Build configuration list for PBXProject "product-bubble" */ = {
			isa = XCConfigurationList;
			buildConfigurations = (
				ED8F62932C146F0800176CA2 /* Debug */,
				ED8F62942C146F0800176CA2 /* Release */,
			);
			defaultConfigurationIsVisible = 0;
			defaultConfigurationName = Release;
		};
		ED8F62952C146F0800176CA2 /* Build configuration list for PBXNativeTarget "product-bubble" */ = {
			isa = XCConfigurationList;
			buildConfigurations = (
				ED8F62962C146F0800176CA2 /* Debug */,
				ED8F62972C146F0800176CA2 /* Release */,
			);
			defaultConfigurationIsVisible = 0;
			defaultConfigurationName = Release;
		};
		ED8F62982C146F0800176CA2 /* Build configuration list for PBXNativeTarget "product-bubbleTests" */ = {
			isa = XCConfigurationList;
			buildConfigurations = (
				ED8F62992C146F0800176CA2 /* Debug */,
				ED8F629A2C146F0800176CA2 /* Release */,
			);
			defaultConfigurationIsVisible = 0;
			defaultConfigurationName = Release;
		};
		ED8F629B2C146F0800176CA2 /* Build configuration list for PBXNativeTarget "product-bubbleUITests" */ = {
			isa = XCConfigurationList;
			buildConfigurations = (
				ED8F629C2C146F0800176CA2 /* Debug */,
				ED8F629D2C146F0800176CA2 /* Release */,
			);
			defaultConfigurationIsVisible = 0;
			defaultConfigurationName = Release;
		};
/* End XCConfigurationList section */
	};
	rootObject = ED8F62632C146F0700176CA2 /* Project object */;
}
